
Microsoft Visual Studio Solution File, Format Version 12.00
# Visual Studio Version 17
VisualStudioVersion = 17.5.33414.496
MinimumVisualStudioVersion = 10.0.40219.1
Project("{9A19103F-16F7-4668-BE54-9A1E7A4F7556}") = "MagicVilla_VillaAPI", "MagicVilla_VillaAPI\MagicVilla_VillaAPI.csproj", "{995310B7-A6A0-4ACE-AEE5-D574D412C302}"
EndProject
Project("{FAE04EC0-301F-11D3-BF4B-00C04F79EFBC}") = "MagicVilla_Web", "MagicVilla_Web\MagicVilla_Web.csproj", "{37A31D33-5FB8-4FAD-97BC-413D0C1D54A3}"
EndProject
Global
	GlobalSection(SolutionConfigurationPlatforms) = preSolution
		Debug|Any CPU = Debug|Any CPU
		Release|Any CPU = Release|Any CPU
	EndGlobalSection
	GlobalSection(ProjectConfigurationPlatforms) = postSolution
		{995310B7-A6A0-4ACE-AEE5-D574D412C302}.Debug|Any CPU.ActiveCfg = Debug|Any CPU
		{995310B7-A6A0-4ACE-AEE5-D574D412C302}.Debug|Any CPU.Build.0 = Debug|Any CPU
		{995310B7-A6A0-4ACE-AEE5-D574D412C302}.Release|Any CPU.ActiveCfg = Release|Any CPU
		{995310B7-A6A0-4ACE-AEE5-D574D412C302}.Release|Any CPU.Build.0 = Release|Any CPU
		{37A31D33-5FB8-4FAD-97BC-413D0C1D54A3}.Debug|Any CPU.ActiveCfg = Debug|Any CPU
		{37A31D33-5FB8-4FAD-97BC-413D0C1D54A3}.Debug|Any CPU.Build.0 = Debug|Any CPU
		{37A31D33-5FB8-4FAD-97BC-413D0C1D54A3}.Release|Any CPU.ActiveCfg = Release|Any CPU
		{37A31D33-5FB8-4FAD-97BC-413D0C1D54A3}.Release|Any CPU.Build.0 = Release|Any CPU
	EndGlobalSection
	GlobalSection(SolutionProperties) = preSolution
		HideSolutionNode = FALSE
	EndGlobalSection
	GlobalSection(ExtensibilityGlobals) = postSolution
		SolutionGuid = {4BB5560F-BBC9-4086-A24E-FF60AFAF2D67}
	EndGlobalSection
EndGlobal
